
Microsoft Visual Studio Solution File, Format Version 12.00
# Visual Studio Version 17
VisualStudioVersion = 17.9.34701.34
MinimumVisualStudioVersion = 10.0.40219.1
Project("{9A19103F-16F7-4668-BE54-9A1E7A4F7556}") = "WatchIt", "WatchIt\WatchIt.csproj", "{2F0CE680-4F0C-4369-966A-B1332CE97094}"
EndProject
Project("{2150E333-8FDC-42A3-9474-1A3956D46DE8}") = "WatchIt.Website", "WatchIt.Website", "{2BB2D2C3-6095-4714-8B69-4CF8C2CBD075}"
EndProject
Project("{2150E333-8FDC-42A3-9474-1A3956D46DE8}") = "WatchIt.WebAPI", "WatchIt.WebAPI", "{76B40EBF-8054-4A15-ABE8-141E1CCA6E4E}"
EndProject
Project("{2150E333-8FDC-42A3-9474-1A3956D46DE8}") = "WatchIt.Database", "WatchIt.Database", "{98C91E27-2C36-4C74-A80F-9ACD7F28BC54}"
EndProject
Project("{9A19103F-16F7-4668-BE54-9A1E7A4F7556}") = "WatchIt.Database", "WatchIt.Database\WatchIt.Database\WatchIt.Database.csproj", "{8CDAA140-05FC-4EB7-A9F5-A85032C8FD2F}"
EndProject
Project("{FAE04EC0-301F-11D3-BF4B-00C04F79EFBC}") = "WatchIt.Database.Model", "WatchIt.Database\WatchIt.Database.Model\WatchIt.Database.Model.csproj", "{46A294FF-F15F-4773-9E33-AFFC6DF2148C}"
EndProject
Global
	GlobalSection(SolutionConfigurationPlatforms) = preSolution
		Debug|Any CPU = Debug|Any CPU
		Release|Any CPU = Release|Any CPU
	EndGlobalSection
	GlobalSection(ProjectConfigurationPlatforms) = postSolution
		{2F0CE680-4F0C-4369-966A-B1332CE97094}.Debug|Any CPU.ActiveCfg = Debug|Any CPU
		{2F0CE680-4F0C-4369-966A-B1332CE97094}.Debug|Any CPU.Build.0 = Debug|Any CPU
		{2F0CE680-4F0C-4369-966A-B1332CE97094}.Release|Any CPU.ActiveCfg = Release|Any CPU
		{2F0CE680-4F0C-4369-966A-B1332CE97094}.Release|Any CPU.Build.0 = Release|Any CPU
		{8CDAA140-05FC-4EB7-A9F5-A85032C8FD2F}.Debug|Any CPU.ActiveCfg = Debug|Any CPU
		{8CDAA140-05FC-4EB7-A9F5-A85032C8FD2F}.Debug|Any CPU.Build.0 = Debug|Any CPU
		{8CDAA140-05FC-4EB7-A9F5-A85032C8FD2F}.Release|Any CPU.ActiveCfg = Release|Any CPU
		{8CDAA140-05FC-4EB7-A9F5-A85032C8FD2F}.Release|Any CPU.Build.0 = Release|Any CPU
		{46A294FF-F15F-4773-9E33-AFFC6DF2148C}.Debug|Any CPU.ActiveCfg = Debug|Any CPU
		{46A294FF-F15F-4773-9E33-AFFC6DF2148C}.Debug|Any CPU.Build.0 = Debug|Any CPU
		{46A294FF-F15F-4773-9E33-AFFC6DF2148C}.Release|Any CPU.ActiveCfg = Release|Any CPU
		{46A294FF-F15F-4773-9E33-AFFC6DF2148C}.Release|Any CPU.Build.0 = Release|Any CPU
	EndGlobalSection
	GlobalSection(SolutionProperties) = preSolution
		HideSolutionNode = FALSE
	EndGlobalSection
	GlobalSection(NestedProjects) = preSolution
		{8CDAA140-05FC-4EB7-A9F5-A85032C8FD2F} = {98C91E27-2C36-4C74-A80F-9ACD7F28BC54}
		{46A294FF-F15F-4773-9E33-AFFC6DF2148C} = {98C91E27-2C36-4C74-A80F-9ACD7F28BC54}
	EndGlobalSection
	GlobalSection(ExtensibilityGlobals) = postSolution
		SolutionGuid = {1D253492-C786-4DD9-80B5-7DE51D4D3304}
	EndGlobalSection
EndGlobal
