
Microsoft Visual Studio Solution File, Format Version 12.00
Project("{2150E333-8FDC-42A3-9474-1A3956D46DE8}") = "WatchIt.Website", "WatchIt.Website", "{4CB91BF6-87F1-4088-A943-62548CD1F9F4}"
EndProject
Project("{2150E333-8FDC-42A3-9474-1A3956D46DE8}") = "WatchIt.Database", "WatchIt.Database", "{15BAFF8D-02CA-4B6D-BB81-E0AA135FEDAF}"
EndProject
Project("{2150E333-8FDC-42A3-9474-1A3956D46DE8}") = "WatchIt.WebAPI", "WatchIt.WebAPI", "{301EEE5B-B54C-491F-ADDA-58E3F4448684}"
EndProject
Project("{FAE04EC0-301F-11D3-BF4B-00C04F79EFBC}") = "WatchIt.Database", "WatchIt.Database\WatchIt.Database\WatchIt.Database.csproj", "{23383776-1F27-4B5D-8C7C-57BFF75FA473}"
EndProject
Project("{FAE04EC0-301F-11D3-BF4B-00C04F79EFBC}") = "WatchIt.WebAPI.WorkerServices", "WatchIt.WebAPI\WatchIt.WebAPI.WorkerServices\WatchIt.WebAPI.WorkerServices.csproj", "{0EAD71FB-ED04-4054-9071-61A14FC89B27}"
EndProject
Project("{FAE04EC0-301F-11D3-BF4B-00C04F79EFBC}") = "WatchIt.WebAPI", "WatchIt.WebAPI\WatchIt.WebAPI\WatchIt.WebAPI.csproj", "{E8907CA7-18D5-4DB0-AEAB-911B85DDA63D}"
EndProject
Project("{2150E333-8FDC-42A3-9474-1A3956D46DE8}") = "WatchIt.Database.Model", "WatchIt.Database.Model", "{2BCB1F43-033A-4CED-A88C-4126B7CAE107}"
EndProject
Project("{FAE04EC0-301F-11D3-BF4B-00C04F79EFBC}") = "WatchIt.Database.Model", "WatchIt.Database\WatchIt.Database.Model\WatchIt.Database.Model\WatchIt.Database.Model.csproj", "{23F6E4EC-3105-4E94-905B-E6939C528224}"
EndProject
Project("{FAE04EC0-301F-11D3-BF4B-00C04F79EFBC}") = "WatchIt.Database.Model.Configuration", "WatchIt.Database\WatchIt.Database.Model\WatchIt.Database.Model.Configuration\WatchIt.Database.Model.Configuration.csproj", "{698BD418-94F5-4500-80B8-79B1955C9C9F}"
EndProject
Project("{FAE04EC0-301F-11D3-BF4B-00C04F79EFBC}") = "WatchIt.Database.Model.Seeding", "WatchIt.Database\WatchIt.Database.Model\WatchIt.Database.Model.Seeding\WatchIt.Database.Model.Seeding.csproj", "{11470B68-F26D-4F15-90CC-25B11A1A36AB}"
EndProject
Project("{FAE04EC0-301F-11D3-BF4B-00C04F79EFBC}") = "WatchIt.WebAPI.Controllers", "WatchIt.WebAPI\WatchIt.WebAPI.Controllers\WatchIt.WebAPI.Controllers.csproj", "{B5EA38DF-F396-44DF-80EE-7639EDBEF8BC}"
EndProject
Project("{FAE04EC0-301F-11D3-BF4B-00C04F79EFBC}") = "WatchIt.WebAPI.Validators", "WatchIt.WebAPI\WatchIt.WebAPI.Validators\WatchIt.WebAPI.Validators.csproj", "{C05705D7-6E53-4BF1-840F-BC5FAB7C1C4E}"
EndProject
Project("{2150E333-8FDC-42A3-9474-1A3956D46DE8}") = "WatchIt.WebAPI.Services", "WatchIt.WebAPI.Services", "{9A652B6B-EF78-4029-91A4-AD48168CBF2B}"
EndProject
Project("{2150E333-8FDC-42A3-9474-1A3956D46DE8}") = "WatchIt.WebAPI.Services.Controllers", "WatchIt.WebAPI.Services.Controllers", "{CEC468DB-CC49-47D3-9E3E-1CC9530C3CE7}"
EndProject
Project("{FAE04EC0-301F-11D3-BF4B-00C04F79EFBC}") = "WatchIt.WebAPI.Services.Controllers.Common", "WatchIt.WebAPI\WatchIt.WebAPI.Services\WatchIt.WebAPI.Services.Controllers\WatchIt.WebAPI.Services.Controllers.Common\WatchIt.WebAPI.Services.Controllers.Common.csproj", "{A0AA9F70-44A6-49DA-ACC4-ACF0E2F16316}"
EndProject
Project("{2150E333-8FDC-42A3-9474-1A3956D46DE8}") = "WatchIt.Common", "WatchIt.Common", "{E98C42C1-26E5-4939-8C22-72C253DE874B}"
EndProject
Project("{FAE04EC0-301F-11D3-BF4B-00C04F79EFBC}") = "WatchIt.Common.Model", "WatchIt.Common\WatchIt.Common.Model\WatchIt.Common.Model.csproj", "{C7FF493E-C2E4-4498-8212-D4CBD8C234B9}"
EndProject
Project("{FAE04EC0-301F-11D3-BF4B-00C04F79EFBC}") = "WatchIt.WebAPI.Services.Controllers.Accounts", "WatchIt.WebAPI\WatchIt.WebAPI.Services\WatchIt.WebAPI.Services.Controllers\WatchIt.WebAPI.Services.Controllers.Accounts\WatchIt.WebAPI.Services.Controllers.Accounts.csproj", "{BB1ACEB6-6834-44D0-8382-DE4E3B297632}"
EndProject
Project("{2150E333-8FDC-42A3-9474-1A3956D46DE8}") = "WatchIt.WebAPI.Services.Utility", "WatchIt.WebAPI.Services.Utility", "{BD014A3C-E574-4ADF-A2E4-9B2D754A854D}"
EndProject
Project("{FAE04EC0-301F-11D3-BF4B-00C04F79EFBC}") = "WatchIt.WebAPI.Services.Utility.Tokens", "WatchIt.WebAPI\WatchIt.WebAPI.Services\WatchIt.WebAPI.Services.Utility\WatchIt.WebAPI.Services.Utility.Tokens\WatchIt.WebAPI.Services.Utility.Tokens.csproj", "{261C0D38-4D5C-4775-9BF9-819FE30D6ECB}"
EndProject
Project("{FAE04EC0-301F-11D3-BF4B-00C04F79EFBC}") = "WatchIt.WebAPI.Services.Utility.Configuration", "WatchIt.WebAPI\WatchIt.WebAPI.Services\WatchIt.WebAPI.Services.Utility\WatchIt.WebAPI.Services.Utility.Configuration\WatchIt.WebAPI.Services.Utility.Configuration.csproj", "{3B5A06E2-6A5A-4BBF-944D-0E08141A94DA}"
EndProject
Project("{FAE04EC0-301F-11D3-BF4B-00C04F79EFBC}") = "WatchIt.WebAPI.Services.Utility.User", "WatchIt.WebAPI\WatchIt.WebAPI.Services\WatchIt.WebAPI.Services.Utility\WatchIt.WebAPI.Services.Utility.User\WatchIt.WebAPI.Services.Utility.User.csproj", "{55777911-8032-4607-B533-12941A52019F}"
EndProject
Project("{FAE04EC0-301F-11D3-BF4B-00C04F79EFBC}") = "WatchIt.WebAPI.Services.Controllers.Genres", "WatchIt.WebAPI\WatchIt.WebAPI.Services\WatchIt.WebAPI.Services.Controllers\WatchIt.WebAPI.Services.Controllers.Genres\WatchIt.WebAPI.Services.Controllers.Genres.csproj", "{2EC6FD28-C580-45FA-B6A7-92A6BF0CCC54}"
EndProject
Project("{FAE04EC0-301F-11D3-BF4B-00C04F79EFBC}") = "WatchIt.Website", "WatchIt.Website\WatchIt.Website\WatchIt.Website.csproj", "{46CE78A1-3EC3-4112-AAAD-26EEB8D8B194}"
EndProject
Project("{FAE04EC0-301F-11D3-BF4B-00C04F79EFBC}") = "WatchIt.WebAPI.Services.Controllers.Movies", "WatchIt.WebAPI\WatchIt.WebAPI.Services\WatchIt.WebAPI.Services.Controllers\WatchIt.WebAPI.Services.Controllers.Movies\WatchIt.WebAPI.Services.Controllers.Movies.csproj", "{69BB6A9E-B673-42AB-A516-6B2513E21FDC}"
EndProject
Global
	GlobalSection(SolutionConfigurationPlatforms) = preSolution
		Debug|Any CPU = Debug|Any CPU
		Release|Any CPU = Release|Any CPU
	EndGlobalSection
	GlobalSection(NestedProjects) = preSolution
		{23383776-1F27-4B5D-8C7C-57BFF75FA473} = {15BAFF8D-02CA-4B6D-BB81-E0AA135FEDAF}
		{0EAD71FB-ED04-4054-9071-61A14FC89B27} = {301EEE5B-B54C-491F-ADDA-58E3F4448684}
		{E8907CA7-18D5-4DB0-AEAB-911B85DDA63D} = {301EEE5B-B54C-491F-ADDA-58E3F4448684}
		{2BCB1F43-033A-4CED-A88C-4126B7CAE107} = {15BAFF8D-02CA-4B6D-BB81-E0AA135FEDAF}
		{23F6E4EC-3105-4E94-905B-E6939C528224} = {2BCB1F43-033A-4CED-A88C-4126B7CAE107}
		{698BD418-94F5-4500-80B8-79B1955C9C9F} = {2BCB1F43-033A-4CED-A88C-4126B7CAE107}
		{11470B68-F26D-4F15-90CC-25B11A1A36AB} = {2BCB1F43-033A-4CED-A88C-4126B7CAE107}
		{B5EA38DF-F396-44DF-80EE-7639EDBEF8BC} = {301EEE5B-B54C-491F-ADDA-58E3F4448684}
		{C05705D7-6E53-4BF1-840F-BC5FAB7C1C4E} = {301EEE5B-B54C-491F-ADDA-58E3F4448684}
		{9A652B6B-EF78-4029-91A4-AD48168CBF2B} = {301EEE5B-B54C-491F-ADDA-58E3F4448684}
		{CEC468DB-CC49-47D3-9E3E-1CC9530C3CE7} = {9A652B6B-EF78-4029-91A4-AD48168CBF2B}
		{A0AA9F70-44A6-49DA-ACC4-ACF0E2F16316} = {CEC468DB-CC49-47D3-9E3E-1CC9530C3CE7}
		{C7FF493E-C2E4-4498-8212-D4CBD8C234B9} = {E98C42C1-26E5-4939-8C22-72C253DE874B}
		{BB1ACEB6-6834-44D0-8382-DE4E3B297632} = {CEC468DB-CC49-47D3-9E3E-1CC9530C3CE7}
		{BD014A3C-E574-4ADF-A2E4-9B2D754A854D} = {9A652B6B-EF78-4029-91A4-AD48168CBF2B}
		{261C0D38-4D5C-4775-9BF9-819FE30D6ECB} = {BD014A3C-E574-4ADF-A2E4-9B2D754A854D}
		{3B5A06E2-6A5A-4BBF-944D-0E08141A94DA} = {BD014A3C-E574-4ADF-A2E4-9B2D754A854D}
		{55777911-8032-4607-B533-12941A52019F} = {BD014A3C-E574-4ADF-A2E4-9B2D754A854D}
		{2EC6FD28-C580-45FA-B6A7-92A6BF0CCC54} = {CEC468DB-CC49-47D3-9E3E-1CC9530C3CE7}
		{46CE78A1-3EC3-4112-AAAD-26EEB8D8B194} = {4CB91BF6-87F1-4088-A943-62548CD1F9F4}
		{69BB6A9E-B673-42AB-A516-6B2513E21FDC} = {CEC468DB-CC49-47D3-9E3E-1CC9530C3CE7}
	EndGlobalSection
	GlobalSection(ProjectConfigurationPlatforms) = postSolution
		{23383776-1F27-4B5D-8C7C-57BFF75FA473}.Debug|Any CPU.ActiveCfg = Debug|Any CPU
		{23383776-1F27-4B5D-8C7C-57BFF75FA473}.Debug|Any CPU.Build.0 = Debug|Any CPU
		{23383776-1F27-4B5D-8C7C-57BFF75FA473}.Release|Any CPU.ActiveCfg = Release|Any CPU
		{23383776-1F27-4B5D-8C7C-57BFF75FA473}.Release|Any CPU.Build.0 = Release|Any CPU
		{0EAD71FB-ED04-4054-9071-61A14FC89B27}.Debug|Any CPU.ActiveCfg = Debug|Any CPU
		{0EAD71FB-ED04-4054-9071-61A14FC89B27}.Debug|Any CPU.Build.0 = Debug|Any CPU
		{0EAD71FB-ED04-4054-9071-61A14FC89B27}.Release|Any CPU.ActiveCfg = Release|Any CPU
		{0EAD71FB-ED04-4054-9071-61A14FC89B27}.Release|Any CPU.Build.0 = Release|Any CPU
		{E8907CA7-18D5-4DB0-AEAB-911B85DDA63D}.Debug|Any CPU.ActiveCfg = Debug|Any CPU
		{E8907CA7-18D5-4DB0-AEAB-911B85DDA63D}.Debug|Any CPU.Build.0 = Debug|Any CPU
		{E8907CA7-18D5-4DB0-AEAB-911B85DDA63D}.Release|Any CPU.ActiveCfg = Release|Any CPU
		{E8907CA7-18D5-4DB0-AEAB-911B85DDA63D}.Release|Any CPU.Build.0 = Release|Any CPU
		{23F6E4EC-3105-4E94-905B-E6939C528224}.Debug|Any CPU.ActiveCfg = Debug|Any CPU
		{23F6E4EC-3105-4E94-905B-E6939C528224}.Debug|Any CPU.Build.0 = Debug|Any CPU
		{23F6E4EC-3105-4E94-905B-E6939C528224}.Release|Any CPU.ActiveCfg = Release|Any CPU
		{23F6E4EC-3105-4E94-905B-E6939C528224}.Release|Any CPU.Build.0 = Release|Any CPU
		{698BD418-94F5-4500-80B8-79B1955C9C9F}.Debug|Any CPU.ActiveCfg = Debug|Any CPU
		{698BD418-94F5-4500-80B8-79B1955C9C9F}.Debug|Any CPU.Build.0 = Debug|Any CPU
		{698BD418-94F5-4500-80B8-79B1955C9C9F}.Release|Any CPU.ActiveCfg = Release|Any CPU
		{698BD418-94F5-4500-80B8-79B1955C9C9F}.Release|Any CPU.Build.0 = Release|Any CPU
		{11470B68-F26D-4F15-90CC-25B11A1A36AB}.Debug|Any CPU.ActiveCfg = Debug|Any CPU
		{11470B68-F26D-4F15-90CC-25B11A1A36AB}.Debug|Any CPU.Build.0 = Debug|Any CPU
		{11470B68-F26D-4F15-90CC-25B11A1A36AB}.Release|Any CPU.ActiveCfg = Release|Any CPU
		{11470B68-F26D-4F15-90CC-25B11A1A36AB}.Release|Any CPU.Build.0 = Release|Any CPU
		{B5EA38DF-F396-44DF-80EE-7639EDBEF8BC}.Debug|Any CPU.ActiveCfg = Debug|Any CPU
		{B5EA38DF-F396-44DF-80EE-7639EDBEF8BC}.Debug|Any CPU.Build.0 = Debug|Any CPU
		{B5EA38DF-F396-44DF-80EE-7639EDBEF8BC}.Release|Any CPU.ActiveCfg = Release|Any CPU
		{B5EA38DF-F396-44DF-80EE-7639EDBEF8BC}.Release|Any CPU.Build.0 = Release|Any CPU
		{C05705D7-6E53-4BF1-840F-BC5FAB7C1C4E}.Debug|Any CPU.ActiveCfg = Debug|Any CPU
		{C05705D7-6E53-4BF1-840F-BC5FAB7C1C4E}.Debug|Any CPU.Build.0 = Debug|Any CPU
		{C05705D7-6E53-4BF1-840F-BC5FAB7C1C4E}.Release|Any CPU.ActiveCfg = Release|Any CPU
		{C05705D7-6E53-4BF1-840F-BC5FAB7C1C4E}.Release|Any CPU.Build.0 = Release|Any CPU
		{A0AA9F70-44A6-49DA-ACC4-ACF0E2F16316}.Debug|Any CPU.ActiveCfg = Debug|Any CPU
		{A0AA9F70-44A6-49DA-ACC4-ACF0E2F16316}.Debug|Any CPU.Build.0 = Debug|Any CPU
		{A0AA9F70-44A6-49DA-ACC4-ACF0E2F16316}.Release|Any CPU.ActiveCfg = Release|Any CPU
		{A0AA9F70-44A6-49DA-ACC4-ACF0E2F16316}.Release|Any CPU.Build.0 = Release|Any CPU
		{C7FF493E-C2E4-4498-8212-D4CBD8C234B9}.Debug|Any CPU.ActiveCfg = Debug|Any CPU
		{C7FF493E-C2E4-4498-8212-D4CBD8C234B9}.Debug|Any CPU.Build.0 = Debug|Any CPU
		{C7FF493E-C2E4-4498-8212-D4CBD8C234B9}.Release|Any CPU.ActiveCfg = Release|Any CPU
		{C7FF493E-C2E4-4498-8212-D4CBD8C234B9}.Release|Any CPU.Build.0 = Release|Any CPU
		{BB1ACEB6-6834-44D0-8382-DE4E3B297632}.Debug|Any CPU.ActiveCfg = Debug|Any CPU
		{BB1ACEB6-6834-44D0-8382-DE4E3B297632}.Debug|Any CPU.Build.0 = Debug|Any CPU
		{BB1ACEB6-6834-44D0-8382-DE4E3B297632}.Release|Any CPU.ActiveCfg = Release|Any CPU
		{BB1ACEB6-6834-44D0-8382-DE4E3B297632}.Release|Any CPU.Build.0 = Release|Any CPU
		{261C0D38-4D5C-4775-9BF9-819FE30D6ECB}.Debug|Any CPU.ActiveCfg = Debug|Any CPU
		{261C0D38-4D5C-4775-9BF9-819FE30D6ECB}.Debug|Any CPU.Build.0 = Debug|Any CPU
		{261C0D38-4D5C-4775-9BF9-819FE30D6ECB}.Release|Any CPU.ActiveCfg = Release|Any CPU
		{261C0D38-4D5C-4775-9BF9-819FE30D6ECB}.Release|Any CPU.Build.0 = Release|Any CPU
		{3B5A06E2-6A5A-4BBF-944D-0E08141A94DA}.Debug|Any CPU.ActiveCfg = Debug|Any CPU
		{3B5A06E2-6A5A-4BBF-944D-0E08141A94DA}.Debug|Any CPU.Build.0 = Debug|Any CPU
		{3B5A06E2-6A5A-4BBF-944D-0E08141A94DA}.Release|Any CPU.ActiveCfg = Release|Any CPU
		{3B5A06E2-6A5A-4BBF-944D-0E08141A94DA}.Release|Any CPU.Build.0 = Release|Any CPU
		{55777911-8032-4607-B533-12941A52019F}.Debug|Any CPU.ActiveCfg = Debug|Any CPU
		{55777911-8032-4607-B533-12941A52019F}.Debug|Any CPU.Build.0 = Debug|Any CPU
		{55777911-8032-4607-B533-12941A52019F}.Release|Any CPU.ActiveCfg = Release|Any CPU
		{55777911-8032-4607-B533-12941A52019F}.Release|Any CPU.Build.0 = Release|Any CPU
		{2EC6FD28-C580-45FA-B6A7-92A6BF0CCC54}.Debug|Any CPU.ActiveCfg = Debug|Any CPU
		{2EC6FD28-C580-45FA-B6A7-92A6BF0CCC54}.Debug|Any CPU.Build.0 = Debug|Any CPU
		{2EC6FD28-C580-45FA-B6A7-92A6BF0CCC54}.Release|Any CPU.ActiveCfg = Release|Any CPU
		{2EC6FD28-C580-45FA-B6A7-92A6BF0CCC54}.Release|Any CPU.Build.0 = Release|Any CPU
		{46CE78A1-3EC3-4112-AAAD-26EEB8D8B194}.Debug|Any CPU.ActiveCfg = Debug|Any CPU
		{46CE78A1-3EC3-4112-AAAD-26EEB8D8B194}.Debug|Any CPU.Build.0 = Debug|Any CPU
		{46CE78A1-3EC3-4112-AAAD-26EEB8D8B194}.Release|Any CPU.ActiveCfg = Release|Any CPU
		{46CE78A1-3EC3-4112-AAAD-26EEB8D8B194}.Release|Any CPU.Build.0 = Release|Any CPU
		{69BB6A9E-B673-42AB-A516-6B2513E21FDC}.Debug|Any CPU.ActiveCfg = Debug|Any CPU
		{69BB6A9E-B673-42AB-A516-6B2513E21FDC}.Debug|Any CPU.Build.0 = Debug|Any CPU
		{69BB6A9E-B673-42AB-A516-6B2513E21FDC}.Release|Any CPU.ActiveCfg = Release|Any CPU
		{69BB6A9E-B673-42AB-A516-6B2513E21FDC}.Release|Any CPU.Build.0 = Release|Any CPU
	EndGlobalSection
EndGlobal
